
Microsoft Visual Studio Solution File, Format Version 12.00
# Visual Studio Version 16
VisualStudioVersion = 16.0.31410.357
MinimumVisualStudioVersion = 10.0.40219.1
Project("{FAE04EC0-301F-11D3-BF4B-00C04F79EFBC}") = "Contact_Management", "Contact_Management.csproj", "{E054BF72-01C3-4B7C-A0D8-B996FA3AC0B6}"
EndProject
Global
	GlobalSection(SolutionConfigurationPlatforms) = preSolution
		Debug|Any CPU = Debug|Any CPU
		Release|Any CPU = Release|Any CPU
	EndGlobalSection
	GlobalSection(ProjectConfigurationPlatforms) = postSolution
		{E054BF72-01C3-4B7C-A0D8-B996FA3AC0B6}.Debug|Any CPU.ActiveCfg = Debug|Any CPU
		{E054BF72-01C3-4B7C-A0D8-B996FA3AC0B6}.Debug|Any CPU.Build.0 = Debug|Any CPU
		{E054BF72-01C3-4B7C-A0D8-B996FA3AC0B6}.Release|Any CPU.ActiveCfg = Release|Any CPU
		{E054BF72-01C3-4B7C-A0D8-B996FA3AC0B6}.Release|Any CPU.Build.0 = Release|Any CPU
	EndGlobalSection
	GlobalSection(SolutionProperties) = preSolution
		HideSolutionNode = FALSE
	EndGlobalSection
	GlobalSection(ExtensibilityGlobals) = postSolution
		SolutionGuid = {2F3A49FE-FB13-41D0-BDF7-F6073AD5FA9D}
	EndGlobalSection
EndGlobal
